
Microsoft Visual Studio Solution File, Format Version 12.00
# Visual Studio Version 17
VisualStudioVersion = 17.11.35327.3
MinimumVisualStudioVersion = 10.0.40219.1
Project("{FAE04EC0-301F-11D3-BF4B-00C04F79EFBC}") = "toDecimalApp", "toDecimalApp\toDecimalApp.csproj", "{FF9C0DF2-35F2-4866-A287-D30AE4D01348}"
EndProject
Global
	GlobalSection(SolutionConfigurationPlatforms) = preSolution
		Debug|Any CPU = Debug|Any CPU
		Release|Any CPU = Release|Any CPU
	EndGlobalSection
	GlobalSection(ProjectConfigurationPlatforms) = postSolution
		{FF9C0DF2-35F2-4866-A287-D30AE4D01348}.Debug|Any CPU.ActiveCfg = Debug|Any CPU
		{FF9C0DF2-35F2-4866-A287-D30AE4D01348}.Debug|Any CPU.Build.0 = Debug|Any CPU
		{FF9C0DF2-35F2-4866-A287-D30AE4D01348}.Release|Any CPU.ActiveCfg = Release|Any CPU
		{FF9C0DF2-35F2-4866-A287-D30AE4D01348}.Release|Any CPU.Build.0 = Release|Any CPU
	EndGlobalSection
	GlobalSection(SolutionProperties) = preSolution
		HideSolutionNode = FALSE
	EndGlobalSection
	GlobalSection(ExtensibilityGlobals) = postSolution
		SolutionGuid = {3F091D93-3006-450A-BEE5-944A58949F08}
	EndGlobalSection
EndGlobal
